
Microsoft Visual Studio Solution File, Format Version 12.00
# Visual Studio Version 16
VisualStudioVersion = 25.0.1706.4
MinimumVisualStudioVersion = 10.0.40219.1
Project("{FAE04EC0-301F-11D3-BF4B-00C04F79EFBC}") = "uytgkfjhjghhjgfhjgncghc", "uytgkfjhjghhjgfhjgncghc\uytgkfjhjghhjgfhjgncghc.csproj", "{800DA6FA-002A-4758-8990-E271CEE034AA}"
EndProject
Global
	GlobalSection(SolutionConfigurationPlatforms) = preSolution
		Debug|Any CPU = Debug|Any CPU
		Release|Any CPU = Release|Any CPU
	EndGlobalSection
	GlobalSection(ProjectConfigurationPlatforms) = postSolution
		{800DA6FA-002A-4758-8990-E271CEE034AA}.Debug|Any CPU.ActiveCfg = Debug|Any CPU
		{800DA6FA-002A-4758-8990-E271CEE034AA}.Debug|Any CPU.Build.0 = Debug|Any CPU
		{800DA6FA-002A-4758-8990-E271CEE034AA}.Release|Any CPU.ActiveCfg = Release|Any CPU
		{800DA6FA-002A-4758-8990-E271CEE034AA}.Release|Any CPU.Build.0 = Release|Any CPU
	EndGlobalSection
	GlobalSection(SolutionProperties) = preSolution
		HideSolutionNode = FALSE
	EndGlobalSection
	GlobalSection(ExtensibilityGlobals) = postSolution
		SolutionGuid = {642057D5-CE9B-43A3-A316-8F503F0CD8B8}
	EndGlobalSection
EndGlobal
